
Microsoft Visual Studio Solution File, Format Version 12.00
# Visual Studio Version 17
VisualStudioVersion = 17.5.002.0
MinimumVisualStudioVersion = 10.0.40219.1
Project("{9A19103F-16F7-4668-BE54-9A1E7A4F7556}") = "Help", "Help/Help.csproj", "{AC4F8036-ECCA-4C67-8A44-34505BE69166}"
EndProject
Global
	GlobalSection(SolutionConfigurationPlatforms) = preSolution
		Debug|Any CPU = Debug|Any CPU
		Release|Any CPU = Release|Any CPU
	EndGlobalSection
	GlobalSection(ProjectConfigurationPlatforms) = postSolution
		{AC4F8036-ECCA-4C67-8A44-34505BE69166}.Debug|Any CPU.ActiveCfg = Debug|Any CPU
		{AC4F8036-ECCA-4C67-8A44-34505BE69166}.Debug|Any CPU.Build.0 = Debug|Any CPU
		{AC4F8036-ECCA-4C67-8A44-34505BE69166}.Release|Any CPU.ActiveCfg = Release|Any CPU
		{AC4F8036-ECCA-4C67-8A44-34505BE69166}.Release|Any CPU.Build.0 = Release|Any CPU
	EndGlobalSection
	GlobalSection(SolutionProperties) = preSolution
		HideSolutionNode = FALSE
	EndGlobalSection
	GlobalSection(ExtensibilityGlobals) = postSolution
		SolutionGuid = {55593016-3C23-4C61-AB47-9010BEAFC628}
	EndGlobalSection
EndGlobal
